
Microsoft Visual Studio Solution File, Format Version 12.00
# Visual Studio Version 16
VisualStudioVersion = 16.0.31129.286
MinimumVisualStudioVersion = 10.0.40219.1
Project("{FAE04EC0-301F-11D3-BF4B-00C04F79EFBC}") = "TS1", "TS1\TS1.csproj", "{64603C07-32C1-4351-90C1-1DFDE3636BE2}"
EndProject
Global
	GlobalSection(SolutionConfigurationPlatforms) = preSolution
		Debug|Any CPU = Debug|Any CPU
		Release|Any CPU = Release|Any CPU
	EndGlobalSection
	GlobalSection(ProjectConfigurationPlatforms) = postSolution
		{64603C07-32C1-4351-90C1-1DFDE3636BE2}.Debug|Any CPU.ActiveCfg = Debug|Any CPU
		{64603C07-32C1-4351-90C1-1DFDE3636BE2}.Debug|Any CPU.Build.0 = Debug|Any CPU
		{64603C07-32C1-4351-90C1-1DFDE3636BE2}.Release|Any CPU.ActiveCfg = Release|Any CPU
		{64603C07-32C1-4351-90C1-1DFDE3636BE2}.Release|Any CPU.Build.0 = Release|Any CPU
	EndGlobalSection
	GlobalSection(SolutionProperties) = preSolution
		HideSolutionNode = FALSE
	EndGlobalSection
	GlobalSection(ExtensibilityGlobals) = postSolution
		SolutionGuid = {CC5ADBDA-0BA1-4D36-8909-F277615A22F1}
	EndGlobalSection
EndGlobal
